{
  "lockfileVersion": 2,
  "configVersion": 1,
  "workspaces": {
    "": {
      "name": "@vibeunion/devtools",
      "devDependencies": {
        "devframe": "1.0.0",
        "typescript": "^6.0.3",
      },
    },
    "packages/devframe": {
      "name": "@vibeunion/devtools-devframe",
      "version": "0.1.0",
      "dependencies": {
        "@vibeunion/devtools-protocol": "workspace:*",
        "devframe": "1.0.0",
      },
    },
    "packages/protocol": {
      "name": "@vibeunion/devtools-protocol",
      "version": "0.1.0",
    },
    "packages/supacloud": {
      "name": "@vibeunion/devtools-supacloud",
      "version": "0.1.0",
      "dependencies": {
        "@vibeunion/devtools-protocol": "workspace:*",
      },
    },
  },
  "packages": {
    "@vibeunion/devtools-devframe": ["@vibeunion/devtools-devframe@workspace:packages/devframe"],

    "@vibeunion/devtools-protocol": ["@vibeunion/devtools-protocol@workspace:packages/protocol"],

    "@vibeunion/devtools-supacloud": ["@vibeunion/devtools-supacloud@workspace:packages/supacloud"],

    "crossws": ["crossws@0.4.12", "https://registry.npmmirror.com/crossws/-/crossws-0.4.12.tgz", { "peerDependencies": { "srvx": ">=0.11.5" }, "optionalPeers": ["srvx"] }, "sha512-aypfsr6t0uNvkqaZc6zvBfXzC6pLI0/sIulpkV6RwCVtZqG5ebBzv4weImKK0VNCj91Wl9F5j7p5WU4MNrybng=="],

    "devframe": ["devframe@1.0.0", "https://registry.npmmirror.com/devframe/-/devframe-1.0.0.tgz", { "dependencies": { "crossws": "^0.4.12", "h3": "^2.0.1-rc.31", "nostics": "^1.2.0", "pathe": "^2.0.3" }, "peerDependencies": { "@devframes/agentic": "1.0.0", "cac": "^7.0.0" }, "optionalPeers": ["@devframes/agentic", "cac"], "bin": { "devframe": "./bin/devframe.mjs" } }, "sha512-u4eeDBJ8Cxd3n19o/cT6SQcoEgASzL9dL51IkYpIDriTNDmR7WBv+o+dufQmabir10KcozoRZqgwvDi/riASAQ=="],

    "h3": ["h3@2.0.1-rc.32", "https://registry.npmmirror.com/h3/-/h3-2.0.1-rc.32.tgz", { "dependencies": { "rou3": "^0.9.2", "srvx": "^1.0.5" }, "peerDependencies": { "crossws": "^0.4.12", "ocache": ">=0.3.0" }, "optionalPeers": ["crossws", "ocache"], "bin": { "h3": "./bin/h3.mjs" } }, "sha512-Epg1E85L8yIKd9UeAQAVdm6QVrnHbppMsQ641EjpNi4c0IlAg+PJlwp4Xw03Z1loRXPQaH9k64gJT5qDELqm+g=="],

    "nostics": ["nostics@1.2.0", "https://registry.npmmirror.com/nostics/-/nostics-1.2.0.tgz", {}, "sha512-FGqEfhQjrvo1lL8KFifdTQiNwwQHJxC1jtYE1Rc54qF/jxONUNL+kC9gS1krX8Q65PgrQ5fCqH/I4NhWBvdSqg=="],

    "pathe": ["pathe@2.0.3", "https://registry.npmmirror.com/pathe/-/pathe-2.0.3.tgz", {}, "sha512-WUjGcAqP1gQacoQe+OBJsFA7Ld4DyXuUIjZ5cc75cLHvJ7dtNsTugphxIADwspS+AraAUePCKrSVtPLFj/F88w=="],

    "rou3": ["rou3@0.9.2", "https://registry.npmmirror.com/rou3/-/rou3-0.9.2.tgz", {}, "sha512-3SOzvaAg8rkHrXtRjpCvCvbyO5to9oOO27Z/XqHEYXfMRVSw/qMIVdmaOk9W2lcRLtR6dlqTjo9hDeJk70QBYQ=="],

    "srvx": ["srvx@1.0.5", "https://registry.npmmirror.com/srvx/-/srvx-1.0.5.tgz", { "bin": { "srvx": "./bin/srvx.mjs" } }, "sha512-KvSKRpgPG/oaq3cyT614OQ2bAa7DynuGamivCZeoZzIUULOdbQz6wUtnnVuC4+DCx2Zglzo8v5gBYmWIWYhDxA=="],

    "typescript": ["typescript@6.0.3", "https://registry.npmmirror.com/typescript/-/typescript-6.0.3.tgz", { "bin": { "tsc": "bin/tsc", "tsserver": "bin/tsserver" } }, "sha512-y2TvuxSZPDyQakkFRPZHKFm+KKVqIisdg9/CZwm9ftvKXLP8NRWj38/ODjNbr43SsoXqNuAisEf1GdCxqWcdBw=="],
  }
}
